
Microsoft Visual Studio Solution File, Format Version 12.00
# Visual Studio 15
VisualStudioVersion = 15.0.28307.1022
MinimumVisualStudioVersion = 10.0.40219.1
Project("{8BC9CEB8-8B4A-11D0-8D11-00A0C91BC942}") = "SkalagradInterfaceWindows", "MordhauStatCollector\MordhauStatCollector.vcxproj", "{EB9CF97F-5E8A-4C33-B6D6-A7D95D9618D8}"
EndProject
Project("{8BC9CEB8-8B4A-11D0-8D11-00A0C91BC942}") = "SkalagradInterfaceLinux", "SkalagradInterfaceLinux\SkalagradInterfaceLinux.vcxproj", "{45A48D3C-226D-4AD9-9181-C0D7500BEDFB}"
EndProject
Global
	GlobalSection(SolutionConfigurationPlatforms) = preSolution
		Debug|ARM = Debug|ARM
		Debug|ARM64 = Debug|ARM64
		Debug|x32 = Debug|x32
		Debug|x64 = Debug|x64
		Debug|x86 = Debug|x86
		Release|ARM = Release|ARM
		Release|ARM64 = Release|ARM64
		Release|x32 = Release|x32
		Release|x64 = Release|x64
		Release|x86 = Release|x86
	EndGlobalSection
	GlobalSection(ProjectConfigurationPlatforms) = postSolution
		{EB9CF97F-5E8A-4C33-B6D6-A7D95D9618D8}.Debug|ARM.ActiveCfg = Debug|Win32
		{EB9CF97F-5E8A-4C33-B6D6-A7D95D9618D8}.Debug|ARM64.ActiveCfg = Debug|Win32
		{EB9CF97F-5E8A-4C33-B6D6-A7D95D9618D8}.Debug|x32.ActiveCfg = Debug|Win32
		{EB9CF97F-5E8A-4C33-B6D6-A7D95D9618D8}.Debug|x32.Build.0 = Debug|Win32
		{EB9CF97F-5E8A-4C33-B6D6-A7D95D9618D8}.Debug|x64.ActiveCfg = Debug|x64
		{EB9CF97F-5E8A-4C33-B6D6-A7D95D9618D8}.Debug|x64.Build.0 = Debug|x64
		{EB9CF97F-5E8A-4C33-B6D6-A7D95D9618D8}.Debug|x86.ActiveCfg = Debug|Win32
		{EB9CF97F-5E8A-4C33-B6D6-A7D95D9618D8}.Debug|x86.Build.0 = Debug|Win32
		{EB9CF97F-5E8A-4C33-B6D6-A7D95D9618D8}.Release|ARM.ActiveCfg = Release|Win32
		{EB9CF97F-5E8A-4C33-B6D6-A7D95D9618D8}.Release|ARM64.ActiveCfg = Release|Win32
		{EB9CF97F-5E8A-4C33-B6D6-A7D95D9618D8}.Release|x32.ActiveCfg = Release|Win32
		{EB9CF97F-5E8A-4C33-B6D6-A7D95D9618D8}.Release|x32.Build.0 = Release|Win32
		{EB9CF97F-5E8A-4C33-B6D6-A7D95D9618D8}.Release|x64.ActiveCfg = Release|x64
		{EB9CF97F-5E8A-4C33-B6D6-A7D95D9618D8}.Release|x64.Build.0 = Release|x64
		{EB9CF97F-5E8A-4C33-B6D6-A7D95D9618D8}.Release|x86.ActiveCfg = Release|Win32
		{EB9CF97F-5E8A-4C33-B6D6-A7D95D9618D8}.Release|x86.Build.0 = Release|Win32
		{45A48D3C-226D-4AD9-9181-C0D7500BEDFB}.Debug|ARM.ActiveCfg = Debug|ARM
		{45A48D3C-226D-4AD9-9181-C0D7500BEDFB}.Debug|ARM.Build.0 = Debug|ARM
		{45A48D3C-226D-4AD9-9181-C0D7500BEDFB}.Debug|ARM64.ActiveCfg = Debug|ARM64
		{45A48D3C-226D-4AD9-9181-C0D7500BEDFB}.Debug|ARM64.Build.0 = Debug|ARM64
		{45A48D3C-226D-4AD9-9181-C0D7500BEDFB}.Debug|x32.ActiveCfg = Debug|x86
		{45A48D3C-226D-4AD9-9181-C0D7500BEDFB}.Debug|x64.ActiveCfg = Debug|x64
		{45A48D3C-226D-4AD9-9181-C0D7500BEDFB}.Debug|x64.Build.0 = Debug|x64
		{45A48D3C-226D-4AD9-9181-C0D7500BEDFB}.Debug|x86.ActiveCfg = Debug|x86
		{45A48D3C-226D-4AD9-9181-C0D7500BEDFB}.Debug|x86.Build.0 = Debug|x86
		{45A48D3C-226D-4AD9-9181-C0D7500BEDFB}.Release|ARM.ActiveCfg = Release|ARM
		{45A48D3C-226D-4AD9-9181-C0D7500BEDFB}.Release|ARM.Build.0 = Release|ARM
		{45A48D3C-226D-4AD9-9181-C0D7500BEDFB}.Release|ARM64.ActiveCfg = Release|ARM64
		{45A48D3C-226D-4AD9-9181-C0D7500BEDFB}.Release|ARM64.Build.0 = Release|ARM64
		{45A48D3C-226D-4AD9-9181-C0D7500BEDFB}.Release|x32.ActiveCfg = Release|x86
		{45A48D3C-226D-4AD9-9181-C0D7500BEDFB}.Release|x64.ActiveCfg = Release|x64
		{45A48D3C-226D-4AD9-9181-C0D7500BEDFB}.Release|x64.Build.0 = Release|x64
		{45A48D3C-226D-4AD9-9181-C0D7500BEDFB}.Release|x86.ActiveCfg = Release|x86
		{45A48D3C-226D-4AD9-9181-C0D7500BEDFB}.Release|x86.Build.0 = Release|x86
	EndGlobalSection
	GlobalSection(SolutionProperties) = preSolution
		HideSolutionNode = FALSE
	EndGlobalSection
	GlobalSection(ExtensibilityGlobals) = postSolution
		SolutionGuid = {E9ED5E20-6A9B-46F2-BE2D-81032A9058E9}
	EndGlobalSection
EndGlobal
